
Microsoft Visual Studio Solution File, Format Version 12.00
# Visual Studio Version 17
VisualStudioVersion = 17.11.35327.3
MinimumVisualStudioVersion = 10.0.40219.1
Project("{FAE04EC0-301F-11D3-BF4B-00C04F79EFBC}") = "engine", "cube\engine.csproj", "{0FBE5370-DA3D-4B01-BC1F-D0AF185EF9A3}"
EndProject
Global
	GlobalSection(SolutionConfigurationPlatforms) = preSolution
		Debug|Any CPU = Debug|Any CPU
		Release|Any CPU = Release|Any CPU
	EndGlobalSection
	GlobalSection(ProjectConfigurationPlatforms) = postSolution
		{0FBE5370-DA3D-4B01-BC1F-D0AF185EF9A3}.Debug|Any CPU.ActiveCfg = Debug|Any CPU
		{0FBE5370-DA3D-4B01-BC1F-D0AF185EF9A3}.Debug|Any CPU.Build.0 = Debug|Any CPU
		{0FBE5370-DA3D-4B01-BC1F-D0AF185EF9A3}.Release|Any CPU.ActiveCfg = Release|Any CPU
		{0FBE5370-DA3D-4B01-BC1F-D0AF185EF9A3}.Release|Any CPU.Build.0 = Release|Any CPU
	EndGlobalSection
	GlobalSection(SolutionProperties) = preSolution
		HideSolutionNode = FALSE
	EndGlobalSection
	GlobalSection(ExtensibilityGlobals) = postSolution
		SolutionGuid = {3838B3CC-50AF-4063-9615-E5297F9FF55E}
	EndGlobalSection
EndGlobal
